
Microsoft Visual Studio Solution File, Format Version 12.00
# Visual Studio Version 17
VisualStudioVersion = 17.9.34728.123
MinimumVisualStudioVersion = 10.0.40219.1
Project("{FAE04EC0-301F-11D3-BF4B-00C04F79EFBC}") = "NetCoreAuth", "NetCoreAuth\NetCoreAuth.csproj", "{59885EB1-C649-44B9-AFEA-3AD2046E127D}"
EndProject
Global
	GlobalSection(SolutionConfigurationPlatforms) = preSolution
		Debug|Any CPU = Debug|Any CPU
		Release|Any CPU = Release|Any CPU
	EndGlobalSection
	GlobalSection(ProjectConfigurationPlatforms) = postSolution
		{59885EB1-C649-44B9-AFEA-3AD2046E127D}.Debug|Any CPU.ActiveCfg = Debug|Any CPU
		{59885EB1-C649-44B9-AFEA-3AD2046E127D}.Debug|Any CPU.Build.0 = Debug|Any CPU
		{59885EB1-C649-44B9-AFEA-3AD2046E127D}.Release|Any CPU.ActiveCfg = Release|Any CPU
		{59885EB1-C649-44B9-AFEA-3AD2046E127D}.Release|Any CPU.Build.0 = Release|Any CPU
	EndGlobalSection
	GlobalSection(SolutionProperties) = preSolution
		HideSolutionNode = FALSE
	EndGlobalSection
	GlobalSection(ExtensibilityGlobals) = postSolution
		SolutionGuid = {24C6D8F2-EAF9-4BEE-ACBB-C010C5CCF167}
	EndGlobalSection
EndGlobal
